
Microsoft Visual Studio Solution File, Format Version 12.00
# Visual Studio Version 16
VisualStudioVersion = 16.0.29613.14
MinimumVisualStudioVersion = 10.0.40219.1
Project("{FAE04EC0-301F-11D3-BF4B-00C04F79EFBC}") = "WebApplication4", "WebApplication4\WebApplication4.csproj", "{2A93A259-0CAE-4BAA-A3D7-E51C90591CFF}"
EndProject
Global
	GlobalSection(SolutionConfigurationPlatforms) = preSolution
		Debug|Any CPU = Debug|Any CPU
		Release|Any CPU = Release|Any CPU
	EndGlobalSection
	GlobalSection(ProjectConfigurationPlatforms) = postSolution
		{2A93A259-0CAE-4BAA-A3D7-E51C90591CFF}.Debug|Any CPU.ActiveCfg = Debug|Any CPU
		{2A93A259-0CAE-4BAA-A3D7-E51C90591CFF}.Debug|Any CPU.Build.0 = Debug|Any CPU
		{2A93A259-0CAE-4BAA-A3D7-E51C90591CFF}.Release|Any CPU.ActiveCfg = Release|Any CPU
		{2A93A259-0CAE-4BAA-A3D7-E51C90591CFF}.Release|Any CPU.Build.0 = Release|Any CPU
	EndGlobalSection
	GlobalSection(SolutionProperties) = preSolution
		HideSolutionNode = FALSE
	EndGlobalSection
	GlobalSection(ExtensibilityGlobals) = postSolution
		SolutionGuid = {A90B2C84-5BD5-4AA2-A41F-9B94F533123B}
	EndGlobalSection
EndGlobal
